// !$*UTF8*$!
{
	archiveVersion = 1;
	classes = {
	};
	objectVersion = 46;
	objects = {

/* Begin PBXBuildFile section */
		4085CF681CB4D10D00F27AC2 /* main.m in Sources */ = {isa = PBXBuildFile; fileRef = 4085CF671CB4D10D00F27AC2 /* main.m */; };
		4085CF6B1CB4D10D00F27AC2 /* AppDelegate.m in Sources */ = {isa = PBXBuildFile; fileRef = 4085CF6A1CB4D10D00F27AC2 /* AppDelegate.m */; };
		4085CF6E1CB4D10D00F27AC2 /* ViewController.m in Sources */ = {isa = PBXBuildFile; fileRef = 4085CF6D1CB4D10D00F27AC2 /* ViewController.m */; };
		4085CF711CB4D10D00F27AC2 /* Main.storyboard in Resources */ = {isa = PBXBuildFile; fileRef = 4085CF6F1CB4D10D00F27AC2 /* Main.storyboard */; };
		4085CF731CB4D10D00F27AC2 /* Assets.xcassets in Resources */ = {isa = PBXBuildFile; fileRef = 4085CF721CB4D10D00F27AC2 /* Assets.xcassets */; };
		4085CF761CB4D10D00F27AC2 /* LaunchScreen.storyboard in Resources */ = {isa = PBXBuildFile; fileRef = 4085CF741CB4D10D00F27AC2 /* LaunchScreen.storyboard */; };
		4085CF811CB4D10D00F27AC2 /* AnimationTaskTests.m in Sources */ = {isa = PBXBuildFile; fileRef = 4085CF801CB4D10D00F27AC2 /* AnimationTaskTests.m */; };
		4085CF8C1CB4D10D00F27AC2 /* AnimationTaskUITests.m in Sources */ = {isa = PBXBuildFile; fileRef = 4085CF8B1CB4D10D00F27AC2 /* AnimationTaskUITests.m */; };
/* End PBXBuildFile section */

/* Begin PBXContainerItemProxy section */
		4085CF7D1CB4D10D00F27AC2 /* PBXContainerItemProxy */ = {
			isa = PBXContainerItemProxy;
			containerPortal = 4085CF5B1CB4D10D00F27AC2 /* Project object */;
			proxyType = 1;
			remoteGlobalIDString = 4085CF621CB4D10D00F27AC2;
			remoteInfo = AnimationTask;
		};
		4085CF881CB4D10D00F27AC2 /* PBXContainerItemProxy */ = {
			isa = PBXContainerItemProxy;
			containerPortal = 4085CF5B1CB4D10D00F27AC2 /* Project object */;
			proxyType = 1;
			remoteGlobalIDString = 4085CF621CB4D10D00F27AC2;
			remoteInfo = AnimationTask;
		};
/* End PBXContainerItemProxy section */

/* Begin PBXFileReference section */
		4085CF631CB4D10D00F27AC2 /* AnimationTask.app */ = {isa = PBXFileReference; explicitFileType = wrapper.application; includeInIndex = 0; path = AnimationTask.app; sourceTree = BUILT_PRODUCTS_DIR; };
		4085CF671CB4D10D00F27AC2 /* main.m */ = {isa = PBXFileReference; lastKnownFileType = sourcecode.c.objc; path = main.m; sourceTree = "<group>"; };
		4085CF691CB4D10D00F27AC2 /* AppDelegate.h */ = {isa = PBXFileReference; lastKnownFileType = sourcecode.c.h; path = AppDelegate.h; sourceTree = "<group>"; };
		4085CF6A1CB4D10D00F27AC2 /* AppDelegate.m */ = {isa = PBXFileReference; lastKnownFileType = sourcecode.c.objc; path = AppDelegate.m; sourceTree = "<group>"; };
		4085CF6C1CB4D10D00F27AC2 /* ViewController.h */ = {isa = PBXFileReference; lastKnownFileType = sourcecode.c.h; path = ViewController.h; sourceTree = "<group>"; };
		4085CF6D1CB4D10D00F27AC2 /* ViewController.m */ = {isa = PBXFileReference; lastKnownFileType = sourcecode.c.objc; path = ViewController.m; sourceTree = "<group>"; };
		4085CF701CB4D10D00F27AC2 /* Base */ = {isa = PBXFileReference; lastKnownFileType = file.storyboard; name = Base; path = Base.lproj/Main.storyboard; sourceTree = "<group>"; };
		4085CF721CB4D10D00F27AC2 /* Assets.xcassets */ = {isa = PBXFileReference; lastKnownFileType = folder.assetcatalog; path = Assets.xcassets; sourceTree = "<group>"; };
		4085CF751CB4D10D00F27AC2 /* Base */ = {isa = PBXFileReference; lastKnownFileType = file.storyboard; name = Base; path = Base.lproj/LaunchScreen.storyboard; sourceTree = "<group>"; };
		4085CF771CB4D10D00F27AC2 /* Info.plist */ = {isa = PBXFileReference; lastKnownFileType = text.plist.xml; path = Info.plist; sourceTree = "<group>"; };
		4085CF7C1CB4D10D00F27AC2 /* AnimationTaskTests.xctest */ = {isa = PBXFileReference; explicitFileType = wrapper.cfbundle; includeInIndex = 0; path = AnimationTaskTests.xctest; sourceTree = BUILT_PRODUCTS_DIR; };
		4085CF801CB4D10D00F27AC2 /* AnimationTaskTests.m */ = {isa = PBXFileReference; lastKnownFileType = sourcecode.c.objc; path = AnimationTaskTests.m; sourceTree = "<group>"; };
		4085CF821CB4D10D00F27AC2 /* Info.plist */ = {isa = PBXFileReference; lastKnownFileType = text.plist.xml; path = Info.plist; sourceTree = "<group>"; };
		4085CF871CB4D10D00F27AC2 /* AnimationTaskUITests.xctest */ = {isa = PBXFileReference; explicitFileType = wrapper.cfbundle; includeInIndex = 0; path = AnimationTaskUITests.xctest; sourceTree = BUILT_PRODUCTS_DIR; };
		4085CF8B1CB4D10D00F27AC2 /* AnimationTaskUITests.m */ = {isa = PBXFileReference; lastKnownFileType = sourcecode.c.objc; path = AnimationTaskUITests.m; sourceTree = "<group>"; };
		4085CF8D1CB4D10D00F27AC2 /* Info.plist */ = {isa = PBXFileReference; lastKnownFileType = text.plist.xml; path = Info.plist; sourceTree = "<group>"; };
/* End PBXFileReference section */

/* Begin PBXFrameworksBuildPhase section */
		4085CF601CB4D10D00F27AC2 /* Frameworks */ = {
			isa = PBXFrameworksBuildPhase;
			buildActionMask = 2147483647;
			files = (
			);
			runOnlyForDeploymentPostprocessing = 0;
		};
		4085CF791CB4D10D00F27AC2 /* Frameworks */ = {
			isa = PBXFrameworksBuildPhase;
			buildActionMask = 2147483647;
			files = (
			);
			runOnlyForDeploymentPostprocessing = 0;
		};
		4085CF841CB4D10D00F27AC2 /* Frameworks */ = {
			isa = PBXFrameworksBuildPhase;
			buildActionMask = 2147483647;
			files = (
			);
			runOnlyForDeploymentPostprocessing = 0;
		};
/* End PBXFrameworksBuildPhase section */

/* Begin PBXGroup section */
		4085CF5A1CB4D10D00F27AC2 = {
			isa = PBXGroup;
			children = (
				4085CF651CB4D10D00F27AC2 /* AnimationTask */,
				4085CF7F1CB4D10D00F27AC2 /* AnimationTaskTests */,
				4085CF8A1CB4D10D00F27AC2 /* AnimationTaskUITests */,
				4085CF641CB4D10D00F27AC2 /* Products */,
			);
			sourceTree = "<group>";
		};
		4085CF641CB4D10D00F27AC2 /* Products */ = {
			isa = PBXGroup;
			children = (
				4085CF631CB4D10D00F27AC2 /* AnimationTask.app */,
				4085CF7C1CB4D10D00F27AC2 /* AnimationTaskTests.xctest */,
				4085CF871CB4D10D00F27AC2 /* AnimationTaskUITests.xctest */,
			);
			name = Products;
			sourceTree = "<group>";
		};
		4085CF651CB4D10D00F27AC2 /* AnimationTask */ = {
			isa = PBXGroup;
			children = (
				4085CF9E1CB4D15000F27AC2 /* ParticleAnaimation */,
				4085CF9D1CB4D14000F27AC2 /* DynamicAnimation */,
				4085CF9C1CB4D13B00F27AC2 /* TransitionAnimation */,
				4085CF9B1CB4D12D00F27AC2 /* Pop */,
				4085CF9A1CB4D11E00F27AC2 /* LayerAnimation */,
				4085CF991CB4D11400F27AC2 /* ViewAnimation */,
				4085CF691CB4D10D00F27AC2 /* AppDelegate.h */,
				4085CF6A1CB4D10D00F27AC2 /* AppDelegate.m */,
				4085CF6C1CB4D10D00F27AC2 /* ViewController.h */,
				4085CF6D1CB4D10D00F27AC2 /* ViewController.m */,
				4085CF6F1CB4D10D00F27AC2 /* Main.storyboard */,
				4085CF721CB4D10D00F27AC2 /* Assets.xcassets */,
				4085CF741CB4D10D00F27AC2 /* LaunchScreen.storyboard */,
				4085CF771CB4D10D00F27AC2 /* Info.plist */,
				4085CF661CB4D10D00F27AC2 /* Supporting Files */,
			);
			path = AnimationTask;
			sourceTree = "<group>";
		};
		4085CF661CB4D10D00F27AC2 /* Supporting Files */ = {
			isa = PBXGroup;
			children = (
				4085CF671CB4D10D00F27AC2 /* main.m */,
			);
			name = "Supporting Files";
			sourceTree = "<group>";
		};
		4085CF7F1CB4D10D00F27AC2 /* AnimationTaskTests */ = {
			isa = PBXGroup;
			children = (
				4085CF801CB4D10D00F27AC2 /* AnimationTaskTests.m */,
				4085CF821CB4D10D00F27AC2 /* Info.plist */,
			);
			path = AnimationTaskTests;
			sourceTree = "<group>";
		};
		4085CF8A1CB4D10D00F27AC2 /* AnimationTaskUITests */ = {
			isa = PBXGroup;
			children = (
				4085CF8B1CB4D10D00F27AC2 /* AnimationTaskUITests.m */,
				4085CF8D1CB4D10D00F27AC2 /* Info.plist */,
			);
			path = AnimationTaskUITests;
			sourceTree = "<group>";
		};
		4085CF991CB4D11400F27AC2 /* ViewAnimation */ = {
			isa = PBXGroup;
			children = (
			);
			name = ViewAnimation;
			sourceTree = "<group>";
		};
		4085CF9A1CB4D11E00F27AC2 /* LayerAnimation */ = {
			isa = PBXGroup;
			children = (
			);
			name = LayerAnimation;
			sourceTree = "<group>";
		};
		4085CF9B1CB4D12D00F27AC2 /* Pop */ = {
			isa = PBXGroup;
			children = (
			);
			name = Pop;
			sourceTree = "<group>";
		};
		4085CF9C1CB4D13B00F27AC2 /* TransitionAnimation */ = {
			isa = PBXGroup;
			children = (
			);
			name = TransitionAnimation;
			sourceTree = "<group>";
		};
		4085CF9D1CB4D14000F27AC2 /* DynamicAnimation */ = {
			isa = PBXGroup;
			children = (
			);
			name = DynamicAnimation;
			sourceTree = "<group>";
		};
		4085CF9E1CB4D15000F27AC2 /* ParticleAnaimation */ = {
			isa = PBXGroup;
			children = (
			);
			name = ParticleAnaimation;
			sourceTree = "<group>";
		};
/* End PBXGroup section */

/* Begin PBXNativeTarget section */
		4085CF621CB4D10D00F27AC2 /* AnimationTask */ = {
			isa = PBXNativeTarget;
			buildConfigurationList = 4085CF901CB4D10D00F27AC2 /* Build configuration list for PBXNativeTarget "AnimationTask" */;
			buildPhases = (
				4085CF5F1CB4D10D00F27AC2 /* Sources */,
				4085CF601CB4D10D00F27AC2 /* Frameworks */,
				4085CF611CB4D10D00F27AC2 /* Resources */,
			);
			buildRules = (
			);
			dependencies = (
			);
			name = AnimationTask;
			productName = AnimationTask;
			productReference = 4085CF631CB4D10D00F27AC2 /* AnimationTask.app */;
			productType = "com.apple.product-type.application";
		};
		4085CF7B1CB4D10D00F27AC2 /* AnimationTaskTests */ = {
			isa = PBXNativeTarget;
			buildConfigurationList = 4085CF931CB4D10D00F27AC2 /* Build configuration list for PBXNativeTarget "AnimationTaskTests" */;
			buildPhases = (
				4085CF781CB4D10D00F27AC2 /* Sources */,
				4085CF791CB4D10D00F27AC2 /* Frameworks */,
				4085CF7A1CB4D10D00F27AC2 /* Resources */,
			);
			buildRules = (
			);
			dependencies = (
				4085CF7E1CB4D10D00F27AC2 /* PBXTargetDependency */,
			);
			name = AnimationTaskTests;
			productName = AnimationTaskTests;
			productReference = 4085CF7C1CB4D10D00F27AC2 /* AnimationTaskTests.xctest */;
			productType = "com.apple.product-type.bundle.unit-test";
		};
		4085CF861CB4D10D00F27AC2 /* AnimationTaskUITests */ = {
			isa = PBXNativeTarget;
			buildConfigurationList = 4085CF961CB4D10D00F27AC2 /* Build configuration list for PBXNativeTarget "AnimationTaskUITests" */;
			buildPhases = (
				4085CF831CB4D10D00F27AC2 /* Sources */,
				4085CF841CB4D10D00F27AC2 /* Frameworks */,
				4085CF851CB4D10D00F27AC2 /* Resources */,
			);
			buildRules = (
			);
			dependencies = (
				4085CF891CB4D10D00F27AC2 /* PBXTargetDependency */,
			);
			name = AnimationTaskUITests;
			productName = AnimationTaskUITests;
			productReference = 4085CF871CB4D10D00F27AC2 /* AnimationTaskUITests.xctest */;
			productType = "com.apple.product-type.bundle.ui-testing";
		};
/* End PBXNativeTarget section */

/* Begin PBXProject section */
		4085CF5B1CB4D10D00F27AC2 /* Project object */ = {
			isa = PBXProject;
			attributes = {
				LastUpgradeCheck = 0730;
				ORGANIZATIONNAME = "臧其龙";
				TargetAttributes = {
					4085CF621CB4D10D00F27AC2 = {
						CreatedOnToolsVersion = 7.3;
					};
					4085CF7B1CB4D10D00F27AC2 = {
						CreatedOnToolsVersion = 7.3;
						TestTargetID = 4085CF621CB4D10D00F27AC2;
					};
					4085CF861CB4D10D00F27AC2 = {
						CreatedOnToolsVersion = 7.3;
						TestTargetID = 4085CF621CB4D10D00F27AC2;
					};
				};
			};
			buildConfigurationList = 4085CF5E1CB4D10D00F27AC2 /* Build configuration list for PBXProject "AnimationTask" */;
			compatibilityVersion = "Xcode 3.2";
			developmentRegion = English;
			hasScannedForEncodings = 0;
			knownRegions = (
				en,
				Base,
			);
			mainGroup = 4085CF5A1CB4D10D00F27AC2;
			productRefGroup = 4085CF641CB4D10D00F27AC2 /* Products */;
			projectDirPath = "";
			projectRoot = "";
			targets = (
				4085CF621CB4D10D00F27AC2 /* AnimationTask */,
				4085CF7B1CB4D10D00F27AC2 /* AnimationTaskTests */,
				4085CF861CB4D10D00F27AC2 /* AnimationTaskUITests */,
			);
		};
/* End PBXProject section */

/* Begin PBXResourcesBuildPhase section */
		4085CF611CB4D10D00F27AC2 /* Resources */ = {
			isa = PBXResourcesBuildPhase;
			buildActionMask = 2147483647;
			files = (
				4085CF761CB4D10D00F27AC2 /* LaunchScreen.storyboard in Resources */,
				4085CF731CB4D10D00F27AC2 /* Assets.xcassets in Resources */,
				4085CF711CB4D10D00F27AC2 /* Main.storyboard in Resources */,
			);
			runOnlyForDeploymentPostprocessing = 0;
		};
		4085CF7A1CB4D10D00F27AC2 /* Resources */ = {
			isa = PBXResourcesBuildPhase;
			buildActionMask = 2147483647;
			files = (
			);
			runOnlyForDeploymentPostprocessing = 0;
		};
		4085CF851CB4D10D00F27AC2 /* Resources */ = {
			isa = PBXResourcesBuildPhase;
			buildActionMask = 2147483647;
			files = (
			);
			runOnlyForDeploymentPostprocessing = 0;
		};
/* End PBXResourcesBuildPhase section */

/* Begin PBXSourcesBuildPhase section */
		4085CF5F1CB4D10D00F27AC2 /* Sources */ = {
			isa = PBXSourcesBuildPhase;
			buildActionMask = 2147483647;
			files = (
				4085CF6E1CB4D10D00F27AC2 /* ViewController.m in Sources */,
				4085CF6B1CB4D10D00F27AC2 /* AppDelegate.m in Sources */,
				4085CF681CB4D10D00F27AC2 /* main.m in Sources */,
			);
			runOnlyForDeploymentPostprocessing = 0;
		};
		4085CF781CB4D10D00F27AC2 /* Sources */ = {
			isa = PBXSourcesBuildPhase;
			buildActionMask = 2147483647;
			files = (
				4085CF811CB4D10D00F27AC2 /* AnimationTaskTests.m in Sources */,
			);
			runOnlyForDeploymentPostprocessing = 0;
		};
		4085CF831CB4D10D00F27AC2 /* Sources */ = {
			isa = PBXSourcesBuildPhase;
			buildActionMask = 2147483647;
			files = (
				4085CF8C1CB4D10D00F27AC2 /* AnimationTaskUITests.m in Sources */,
			);
			runOnlyForDeploymentPostprocessing = 0;
		};
/* End PBXSourcesBuildPhase section */

/* Begin PBXTargetDependency section */
		4085CF7E1CB4D10D00F27AC2 /* PBXTargetDependency */ = {
			isa = PBXTargetDependency;
			target = 4085CF621CB4D10D00F27AC2 /* AnimationTask */;
			targetProxy = 4085CF7D1CB4D10D00F27AC2 /* PBXContainerItemProxy */;
		};
		4085CF891CB4D10D00F27AC2 /* PBXTargetDependency */ = {
			isa = PBXTargetDependency;
			target = 4085CF621CB4D10D00F27AC2 /* AnimationTask */;
			targetProxy = 4085CF881CB4D10D00F27AC2 /* PBXContainerItemProxy */;
		};
/* End PBXTargetDependency section */

/* Begin PBXVariantGroup section */
		4085CF6F1CB4D10D00F27AC2 /* Main.storyboard */ = {
			isa = PBXVariantGroup;
			children = (
				4085CF701CB4D10D00F27AC2 /* Base */,
			);
			name = Main.storyboard;
			sourceTree = "<group>";
		};
		4085CF741CB4D10D00F27AC2 /* LaunchScreen.storyboard */ = {
			isa = PBXVariantGroup;
			children = (
				4085CF751CB4D10D00F27AC2 /* Base */,
			);
			name = LaunchScreen.storyboard;
			sourceTree = "<group>";
		};
/* End PBXVariantGroup section */

/* Begin XCBuildConfiguration section */
		4085CF8E1CB4D10D00F27AC2 /* Debug */ = {
			isa = XCBuildConfiguration;
			buildSettings = {
				ALWAYS_SEARCH_USER_PATHS = NO;
				CLANG_ANALYZER_NONNULL = YES;
				CLANG_CXX_LANGUAGE_STANDARD = "gnu++0x";
				CLANG_CXX_LIBRARY = "libc++";
				CLANG_ENABLE_MODULES = YES;
				CLANG_ENABLE_OBJC_ARC = YES;
				CLANG_WARN_BOOL_CONVERSION = YES;
				CLANG_WARN_CONSTANT_CONVERSION = YES;
				CLANG_WARN_DIRECT_OBJC_ISA_USAGE = YES_ERROR;
				CLANG_WARN_EMPTY_BODY = YES;
				CLANG_WARN_ENUM_CONVERSION = YES;
				CLANG_WARN_INT_CONVERSION = YES;
				CLANG_WARN_OBJC_ROOT_CLASS = YES_ERROR;
				CLANG_WARN_UNREACHABLE_CODE = YES;
				CLANG_WARN__DUPLICATE_METHOD_MATCH = YES;
				"CODE_SIGN_IDENTITY[sdk=iphoneos*]" = "iPhone Developer";
				COPY_PHASE_STRIP = NO;
				DEBUG_INFORMATION_FORMAT = dwarf;
				ENABLE_STRICT_OBJC_MSGSEND = YES;
				ENABLE_TESTABILITY = YES;
				GCC_C_LANGUAGE_STANDARD = gnu99;
				GCC_DYNAMIC_NO_PIC = NO;
				GCC_NO_COMMON_BLOCKS = YES;
				GCC_OPTIMIZATION_LEVEL = 0;
				GCC_PREPROCESSOR_DEFINITIONS = (
					"DEBUG=1",
					"$(inherited)",
				);
				GCC_WARN_64_TO_32_BIT_CONVERSION = YES;
				GCC_WARN_ABOUT_RETURN_TYPE = YES_ERROR;
				GCC_WARN_UNDECLARED_SELECTOR = YES;
				GCC_WARN_UNINITIALIZED_AUTOS = YES_AGGRESSIVE;
				GCC_WARN_UNUSED_FUNCTION = YES;
				GCC_WARN_UNUSED_VARIABLE = YES;
				IPHONEOS_DEPLOYMENT_TARGET = 9.3;
				MTL_ENABLE_DEBUG_INFO = YES;
				ONLY_ACTIVE_ARCH = YES;
				SDKROOT = iphoneos;
				TARGETED_DEVICE_FAMILY = "1,2";
			};
			name = Debug;
		};
		4085CF8F1CB4D10D00F27AC2 /* Release */ = {
			isa = XCBuildConfiguration;
			buildSettings = {
				ALWAYS_SEARCH_USER_PATHS = NO;
				CLANG_ANALYZER_NONNULL = YES;
				CLANG_CXX_LANGUAGE_STANDARD = "gnu++0x";
				CLANG_CXX_LIBRARY = "libc++";
				CLANG_ENABLE_MODULES = YES;
				CLANG_ENABLE_OBJC_ARC = YES;
				CLANG_WARN_BOOL_CONVERSION = YES;
				CLANG_WARN_CONSTANT_CONVERSION = YES;
				CLANG_WARN_DIRECT_OBJC_ISA_USAGE = YES_ERROR;
				CLANG_WARN_EMPTY_BODY = YES;
				CLANG_WARN_ENUM_CONVERSION = YES;
				CLANG_WARN_INT_CONVERSION = YES;
				CLANG_WARN_OBJC_ROOT_CLASS = YES_ERROR;
				CLANG_WARN_UNREACHABLE_CODE = YES;
				CLANG_WARN__DUPLICATE_METHOD_MATCH = YES;
				"CODE_SIGN_IDENTITY[sdk=iphoneos*]" = "iPhone Developer";
				COPY_PHASE_STRIP = NO;
				DEBUG_INFORMATION_FORMAT = "dwarf-with-dsym";
				ENABLE_NS_ASSERTIONS = NO;
				ENABLE_STRICT_OBJC_MSGSEND = YES;
				GCC_C_LANGUAGE_STANDARD = gnu99;
				GCC_NO_COMMON_BLOCKS = YES;
				GCC_WARN_64_TO_32_BIT_CONVERSION = YES;
				GCC_WARN_ABOUT_RETURN_TYPE = YES_ERROR;
				GCC_WARN_UNDECLARED_SELECTOR = YES;
				GCC_WARN_UNINITIALIZED_AUTOS = YES_AGGRESSIVE;
				GCC_WARN_UNUSED_FUNCTION = YES;
				GCC_WARN_UNUSED_VARIABLE = YES;
				IPHONEOS_DEPLOYMENT_TARGET = 9.3;
				MTL_ENABLE_DEBUG_INFO = NO;
				SDKROOT = iphoneos;
				TARGETED_DEVICE_FAMILY = "1,2";
				VALIDATE_PRODUCT = YES;
			};
			name = Release;
		};
		4085CF911CB4D10D00F27AC2 /* Debug */ = {
			isa = XCBuildConfiguration;
			buildSettings = {
				ASSETCATALOG_COMPILER_APPICON_NAME = AppIcon;
				INFOPLIST_FILE = AnimationTask/Info.plist;
				LD_RUNPATH_SEARCH_PATHS = "$(inherited) @executable_path/Frameworks";
				PRODUCT_BUNDLE_IDENTIFIER = com.zangqilong.AnimationTask;
				PRODUCT_NAME = "$(TARGET_NAME)";
			};
			name = Debug;
		};
		4085CF921CB4D10D00F27AC2 /* Release */ = {
			isa = XCBuildConfiguration;
			buildSettings = {
				ASSETCATALOG_COMPILER_APPICON_NAME = AppIcon;
				INFOPLIST_FILE = AnimationTask/Info.plist;
				LD_RUNPATH_SEARCH_PATHS = "$(inherited) @executable_path/Frameworks";
				PRODUCT_BUNDLE_IDENTIFIER = com.zangqilong.AnimationTask;
				PRODUCT_NAME = "$(TARGET_NAME)";
			};
			name = Release;
		};
		4085CF941CB4D10D00F27AC2 /* Debug */ = {
			isa = XCBuildConfiguration;
			buildSettings = {
				BUNDLE_LOADER = "$(TEST_HOST)";
				INFOPLIST_FILE = AnimationTaskTests/Info.plist;
				LD_RUNPATH_SEARCH_PATHS = "$(inherited) @executable_path/Frameworks @loader_path/Frameworks";
				PRODUCT_BUNDLE_IDENTIFIER = com.zangqilong.AnimationTaskTests;
				PRODUCT_NAME = "$(TARGET_NAME)";
				TEST_HOST = "$(BUILT_PRODUCTS_DIR)/AnimationTask.app/AnimationTask";
			};
			name = Debug;
		};
		4085CF951CB4D10D00F27AC2 /* Release */ = {
			isa = XCBuildConfiguration;
			buildSettings = {
				BUNDLE_LOADER = "$(TEST_HOST)";
				INFOPLIST_FILE = AnimationTaskTests/Info.plist;
				LD_RUNPATH_SEARCH_PATHS = "$(inherited) @executable_path/Frameworks @loader_path/Frameworks";
				PRODUCT_BUNDLE_IDENTIFIER = com.zangqilong.AnimationTaskTests;
				PRODUCT_NAME = "$(TARGET_NAME)";
				TEST_HOST = "$(BUILT_PRODUCTS_DIR)/AnimationTask.app/AnimationTask";
			};
			name = Release;
		};
		4085CF971CB4D10D00F27AC2 /* Debug */ = {
			isa = XCBuildConfiguration;
			buildSettings = {
				INFOPLIST_FILE = AnimationTaskUITests/Info.plist;
				LD_RUNPATH_SEARCH_PATHS = "$(inherited) @executable_path/Frameworks @loader_path/Frameworks";
				PRODUCT_BUNDLE_IDENTIFIER = com.zangqilong.AnimationTaskUITests;
				PRODUCT_NAME = "$(TARGET_NAME)";
				TEST_TARGET_NAME = AnimationTask;
			};
			name = Debug;
		};
		4085CF981CB4D10D00F27AC2 /* Release */ = {
			isa = XCBuildConfiguration;
			buildSettings = {
				INFOPLIST_FILE = AnimationTaskUITests/Info.plist;
				LD_RUNPATH_SEARCH_PATHS = "$(inherited) @executable_path/Frameworks @loader_path/Frameworks";
				PRODUCT_BUNDLE_IDENTIFIER = com.zangqilong.AnimationTaskUITests;
				PRODUCT_NAME = "$(TARGET_NAME)";
				TEST_TARGET_NAME = AnimationTask;
			};
			name = Release;
		};
/* End XCBuildConfiguration section */

/* Begin XCConfigurationList section */
		4085CF5E1CB4D10D00F27AC2 /* Build configuration list for PBXProject "AnimationTask" */ = {
			isa = XCConfigurationList;
			buildConfigurations = (
				4085CF8E1CB4D10D00F27AC2 /* Debug */,
				4085CF8F1CB4D10D00F27AC2 /* Release */,
			);
			defaultConfigurationIsVisible = 0;
			defaultConfigurationName = Release;
		};
		4085CF901CB4D10D00F27AC2 /* Build configuration list for PBXNativeTarget "AnimationTask" */ = {
			isa = XCConfigurationList;
			buildConfigurations = (
				4085CF911CB4D10D00F27AC2 /* Debug */,
				4085CF921CB4D10D00F27AC2 /* Release */,
			);
			defaultConfigurationIsVisible = 0;
		};
		4085CF931CB4D10D00F27AC2 /* Build configuration list for PBXNativeTarget "AnimationTaskTests" */ = {
			isa = XCConfigurationList;
			buildConfigurations = (
				4085CF941CB4D10D00F27AC2 /* Debug */,
				4085CF951CB4D10D00F27AC2 /* Release */,
			);
			defaultConfigurationIsVisible = 0;
		};
		4085CF961CB4D10D00F27AC2 /* Build configuration list for PBXNativeTarget "AnimationTaskUITests" */ = {
			isa = XCConfigurationList;
			buildConfigurations = (
				4085CF971CB4D10D00F27AC2 /* Debug */,
				4085CF981CB4D10D00F27AC2 /* Release */,
			);
			defaultConfigurationIsVisible = 0;
		};
/* End XCConfigurationList section */
	};
	rootObject = 4085CF5B1CB4D10D00F27AC2 /* Project object */;
}
